// !$*UTF8*$!
{
	archiveVersion = 1;
	classes = {
	};
	objectVersion = 50;
	objects = {

/* Begin PBXBuildFile section */
		4027BAC521A9A42E00617D5B /* ProfilePageTableViewController.swift in Sources */ = {isa = PBXBuildFile; fileRef = 4027BAC421A9A42E00617D5B /* ProfilePageTableViewController.swift */; };
		403F4D2421B1C03B00F72BD0 /* RecentChat.swift in Sources */ = {isa = PBXBuildFile; fileRef = 403F4D2321B1C03B00F72BD0 /* RecentChat.swift */; };
		4048156D21A56F850007E845 /* UsersTableViewController.swift in Sources */ = {isa = PBXBuildFile; fileRef = 4048156C21A56F850007E845 /* UsersTableViewController.swift */; };
		40576BAE2108F7A500A32A76 /* AppDelegate.swift in Sources */ = {isa = PBXBuildFile; fileRef = 40576BAD2108F7A500A32A76 /* AppDelegate.swift */; };
		40576BB32108F7A500A32A76 /* Main.storyboard in Resources */ = {isa = PBXBuildFile; fileRef = 40576BB12108F7A500A32A76 /* Main.storyboard */; };
		40576BB52108F7A700A32A76 /* Assets.xcassets in Resources */ = {isa = PBXBuildFile; fileRef = 40576BB42108F7A700A32A76 /* Assets.xcassets */; };
		40576BB82108F7A700A32A76 /* LaunchScreen.storyboard in Resources */ = {isa = PBXBuildFile; fileRef = 40576BB62108F7A700A32A76 /* LaunchScreen.storyboard */; };
		40576BC02109CD0E00A32A76 /* WelcomeViewController.swift in Sources */ = {isa = PBXBuildFile; fileRef = 40576BBF2109CD0E00A32A76 /* WelcomeViewController.swift */; };
		40576BC22109F64200A32A76 /* GoogleService-Info.plist in Resources */ = {isa = PBXBuildFile; fileRef = 40576BC12109F64200A32A76 /* GoogleService-Info.plist */; };
		40576BC4210B3C0000A32A76 /* FUser.swift in Sources */ = {isa = PBXBuildFile; fileRef = 40576BC3210B3C0000A32A76 /* FUser.swift */; };
		40576BC9210B3C9B00A32A76 /* Constants.swift in Sources */ = {isa = PBXBuildFile; fileRef = 40576BC8210B3C9B00A32A76 /* Constants.swift */; };
		40576BCB210B41A100A32A76 /* CollectionReference.swift in Sources */ = {isa = PBXBuildFile; fileRef = 40576BCA210B41A100A32A76 /* CollectionReference.swift */; };
		40576BCD210B429600A32A76 /* HelperFunctions.swift in Sources */ = {isa = PBXBuildFile; fileRef = 40576BCC210B429600A32A76 /* HelperFunctions.swift */; };
		4058C8D921C7A8C600DC7F59 /* RecentChatTableViewCell.swift in Sources */ = {isa = PBXBuildFile; fileRef = 4058C8D821C7A8C600DC7F59 /* RecentChatTableViewCell.swift */; };
		405DB1AE21A56A9400088AA9 /* UsersTableViewCell.swift in Sources */ = {isa = PBXBuildFile; fileRef = 405DB1AD21A56A9400088AA9 /* UsersTableViewCell.swift */; };
		406504E421A8560C008AB62A /* ChatsViewController.swift in Sources */ = {isa = PBXBuildFile; fileRef = 406504E321A8560C008AB62A /* ChatsViewController.swift */; };
		4069BB3C219F0E9A00397426 /* FinishRegistrationViewController.swift in Sources */ = {isa = PBXBuildFile; fileRef = 4069BB3B219F0E9A00397426 /* FinishRegistrationViewController.swift */; };
		4088774321A30306000CAB48 /* SettingsTableViewController.swift in Sources */ = {isa = PBXBuildFile; fileRef = 4088774221A30306000CAB48 /* SettingsTableViewController.swift */; };
		4089E28B21CE99A8005E70A6 /* MessageViewController.swift in Sources */ = {isa = PBXBuildFile; fileRef = 4089E28A21CE99A8005E70A6 /* MessageViewController.swift */; };
		40ED99CC21CF905900583A35 /* OutgoingMessages.swift in Sources */ = {isa = PBXBuildFile; fileRef = 40ED99CB21CF905900583A35 /* OutgoingMessages.swift */; };
		40ED99CE21CFA44F00583A35 /* IncomingMessages.swift in Sources */ = {isa = PBXBuildFile; fileRef = 40ED99CD21CFA44F00583A35 /* IncomingMessages.swift */; };
		7165766A062DF42D97AF8809 /* Pods_iChat.framework in Frameworks */ = {isa = PBXBuildFile; fileRef = F528CC8013958A8FD1BF0A0E /* Pods_iChat.framework */; };
/* End PBXBuildFile section */

/* Begin PBXFileReference section */
		4027BAC421A9A42E00617D5B /* ProfilePageTableViewController.swift */ = {isa = PBXFileReference; lastKnownFileType = sourcecode.swift; path = ProfilePageTableViewController.swift; sourceTree = "<group>"; };
		403F4D2321B1C03B00F72BD0 /* RecentChat.swift */ = {isa = PBXFileReference; lastKnownFileType = sourcecode.swift; path = RecentChat.swift; sourceTree = "<group>"; };
		4048156C21A56F850007E845 /* UsersTableViewController.swift */ = {isa = PBXFileReference; lastKnownFileType = sourcecode.swift; path = UsersTableViewController.swift; sourceTree = "<group>"; };
		40576BAA2108F7A500A32A76 /* iChat.app */ = {isa = PBXFileReference; explicitFileType = wrapper.application; includeInIndex = 0; path = iChat.app; sourceTree = BUILT_PRODUCTS_DIR; };
		40576BAD2108F7A500A32A76 /* AppDelegate.swift */ = {isa = PBXFileReference; lastKnownFileType = sourcecode.swift; path = AppDelegate.swift; sourceTree = "<group>"; };
		40576BB22108F7A500A32A76 /* Base */ = {isa = PBXFileReference; lastKnownFileType = file.storyboard; name = Base; path = Base.lproj/Main.storyboard; sourceTree = "<group>"; };
		40576BB42108F7A700A32A76 /* Assets.xcassets */ = {isa = PBXFileReference; lastKnownFileType = folder.assetcatalog; path = Assets.xcassets; sourceTree = "<group>"; };
		40576BB72108F7A700A32A76 /* Base */ = {isa = PBXFileReference; lastKnownFileType = file.storyboard; name = Base; path = Base.lproj/LaunchScreen.storyboard; sourceTree = "<group>"; };
		40576BB92108F7A700A32A76 /* Info.plist */ = {isa = PBXFileReference; lastKnownFileType = text.plist.xml; path = Info.plist; sourceTree = "<group>"; };
		40576BBF2109CD0E00A32A76 /* WelcomeViewController.swift */ = {isa = PBXFileReference; lastKnownFileType = sourcecode.swift; path = WelcomeViewController.swift; sourceTree = "<group>"; };
		40576BC12109F64200A32A76 /* GoogleService-Info.plist */ = {isa = PBXFileReference; fileEncoding = 4; lastKnownFileType = text.plist.xml; path = "GoogleService-Info.plist"; sourceTree = "<group>"; };
		40576BC3210B3C0000A32A76 /* FUser.swift */ = {isa = PBXFileReference; lastKnownFileType = sourcecode.swift; path = FUser.swift; sourceTree = "<group>"; };
		40576BC8210B3C9B00A32A76 /* Constants.swift */ = {isa = PBXFileReference; lastKnownFileType = sourcecode.swift; path = Constants.swift; sourceTree = "<group>"; };
		40576BCA210B41A100A32A76 /* CollectionReference.swift */ = {isa = PBXFileReference; lastKnownFileType = sourcecode.swift; path = CollectionReference.swift; sourceTree = "<group>"; };
		40576BCC210B429600A32A76 /* HelperFunctions.swift */ = {isa = PBXFileReference; lastKnownFileType = sourcecode.swift; path = HelperFunctions.swift; sourceTree = "<group>"; };
		4058C8D821C7A8C600DC7F59 /* RecentChatTableViewCell.swift */ = {isa = PBXFileReference; lastKnownFileType = sourcecode.swift; path = RecentChatTableViewCell.swift; sourceTree = "<group>"; };
		405DB1AD21A56A9400088AA9 /* UsersTableViewCell.swift */ = {isa = PBXFileReference; lastKnownFileType = sourcecode.swift; path = UsersTableViewCell.swift; sourceTree = "<group>"; };
		406504E321A8560C008AB62A /* ChatsViewController.swift */ = {isa = PBXFileReference; lastKnownFileType = sourcecode.swift; path = ChatsViewController.swift; sourceTree = "<group>"; };
		4069BB3B219F0E9A00397426 /* FinishRegistrationViewController.swift */ = {isa = PBXFileReference; lastKnownFileType = sourcecode.swift; path = FinishRegistrationViewController.swift; sourceTree = "<group>"; };
		4088774221A30306000CAB48 /* SettingsTableViewController.swift */ = {isa = PBXFileReference; lastKnownFileType = sourcecode.swift; path = SettingsTableViewController.swift; sourceTree = "<group>"; };
		4089E28A21CE99A8005E70A6 /* MessageViewController.swift */ = {isa = PBXFileReference; lastKnownFileType = sourcecode.swift; path = MessageViewController.swift; sourceTree = "<group>"; };
		40ED99CB21CF905900583A35 /* OutgoingMessages.swift */ = {isa = PBXFileReference; lastKnownFileType = sourcecode.swift; path = OutgoingMessages.swift; sourceTree = "<group>"; };
		40ED99CD21CFA44F00583A35 /* IncomingMessages.swift */ = {isa = PBXFileReference; lastKnownFileType = sourcecode.swift; path = IncomingMessages.swift; sourceTree = "<group>"; };
		54DE3B99A2736340B3B39ADF /* Pods-iChat.debug.xcconfig */ = {isa = PBXFileReference; includeInIndex = 1; lastKnownFileType = text.xcconfig; name = "Pods-iChat.debug.xcconfig"; path = "Pods/Target Support Files/Pods-iChat/Pods-iChat.debug.xcconfig"; sourceTree = "<group>"; };
		F1DCBBF9CAA17551E95E42C7 /* Pods-iChat.release.xcconfig */ = {isa = PBXFileReference; includeInIndex = 1; lastKnownFileType = text.xcconfig; name = "Pods-iChat.release.xcconfig"; path = "Pods/Target Support Files/Pods-iChat/Pods-iChat.release.xcconfig"; sourceTree = "<group>"; };
		F528CC8013958A8FD1BF0A0E /* Pods_iChat.framework */ = {isa = PBXFileReference; explicitFileType = wrapper.framework; includeInIndex = 0; path = Pods_iChat.framework; sourceTree = BUILT_PRODUCTS_DIR; };
/* End PBXFileReference section */

/* Begin PBXFrameworksBuildPhase section */
		40576BA72108F7A500A32A76 /* Frameworks */ = {
			isa = PBXFrameworksBuildPhase;
			buildActionMask = 2147483647;
			files = (
				7165766A062DF42D97AF8809 /* Pods_iChat.framework in Frameworks */,
			);
			runOnlyForDeploymentPostprocessing = 0;
		};
/* End PBXFrameworksBuildPhase section */

/* Begin PBXGroup section */
		4048156B21A56F500007E845 /* Custom Cells */ = {
			isa = PBXGroup;
			children = (
				405DB1AD21A56A9400088AA9 /* UsersTableViewCell.swift */,
				4058C8D821C7A8C600DC7F59 /* RecentChatTableViewCell.swift */,
			);
			path = "Custom Cells";
			sourceTree = "<group>";
		};
		40576BA12108F7A500A32A76 = {
			isa = PBXGroup;
			children = (
				40576BAC2108F7A500A32A76 /* iChat */,
				40576BAB2108F7A500A32A76 /* Products */,
				DB08D22E9BE97EEE04D33795 /* Pods */,
				4219B64987535CAC36D8C7DF /* Frameworks */,
			);
			sourceTree = "<group>";
		};
		40576BAB2108F7A500A32A76 /* Products */ = {
			isa = PBXGroup;
			children = (
				40576BAA2108F7A500A32A76 /* iChat.app */,
			);
			name = Products;
			sourceTree = "<group>";
		};
		40576BAC2108F7A500A32A76 /* iChat */ = {
			isa = PBXGroup;
			children = (
				4069BB3D219F0EE400397426 /* Classes */,
				40576BC7210B3C2A00A32A76 /* Model */,
				40576BC5210B3C0C00A32A76 /* View */,
				40576BC6210B3C1900A32A76 /* Controllers */,
				40576BB92108F7A700A32A76 /* Info.plist */,
				40576BC12109F64200A32A76 /* GoogleService-Info.plist */,
				40576BB42108F7A700A32A76 /* Assets.xcassets */,
			);
			path = iChat;
			sourceTree = "<group>";
		};
		40576BC5210B3C0C00A32A76 /* View */ = {
			isa = PBXGroup;
			children = (
				40576BB12108F7A500A32A76 /* Main.storyboard */,
				40576BB62108F7A700A32A76 /* LaunchScreen.storyboard */,
			);
			path = View;
			sourceTree = "<group>";
		};
		40576BC6210B3C1900A32A76 /* Controllers */ = {
			isa = PBXGroup;
			children = (
				4048156B21A56F500007E845 /* Custom Cells */,
				40576BAD2108F7A500A32A76 /* AppDelegate.swift */,
				40576BBF2109CD0E00A32A76 /* WelcomeViewController.swift */,
				4069BB3B219F0E9A00397426 /* FinishRegistrationViewController.swift */,
				4088774221A30306000CAB48 /* SettingsTableViewController.swift */,
				4048156C21A56F850007E845 /* UsersTableViewController.swift */,
				406504E321A8560C008AB62A /* ChatsViewController.swift */,
				4027BAC421A9A42E00617D5B /* ProfilePageTableViewController.swift */,
				4089E28A21CE99A8005E70A6 /* MessageViewController.swift */,
			);
			path = Controllers;
			sourceTree = "<group>";
		};
		40576BC7210B3C2A00A32A76 /* Model */ = {
			isa = PBXGroup;
			children = (
				40576BC8210B3C9B00A32A76 /* Constants.swift */,
				40576BCA210B41A100A32A76 /* CollectionReference.swift */,
				40576BCC210B429600A32A76 /* HelperFunctions.swift */,
			);
			path = Model;
			sourceTree = "<group>";
		};
		4069BB3D219F0EE400397426 /* Classes */ = {
			isa = PBXGroup;
			children = (
				40576BC3210B3C0000A32A76 /* FUser.swift */,
				403F4D2321B1C03B00F72BD0 /* RecentChat.swift */,
				40ED99CB21CF905900583A35 /* OutgoingMessages.swift */,
				40ED99CD21CFA44F00583A35 /* IncomingMessages.swift */,
			);
			path = Classes;
			sourceTree = "<group>";
		};
		4219B64987535CAC36D8C7DF /* Frameworks */ = {
			isa = PBXGroup;
			children = (
				F528CC8013958A8FD1BF0A0E /* Pods_iChat.framework */,
			);
			name = Frameworks;
			sourceTree = "<group>";
		};
		DB08D22E9BE97EEE04D33795 /* Pods */ = {
			isa = PBXGroup;
			children = (
				54DE3B99A2736340B3B39ADF /* Pods-iChat.debug.xcconfig */,
				F1DCBBF9CAA17551E95E42C7 /* Pods-iChat.release.xcconfig */,
			);
			name = Pods;
			sourceTree = "<group>";
		};
/* End PBXGroup section */

/* Begin PBXNativeTarget section */
		40576BA92108F7A500A32A76 /* iChat */ = {
			isa = PBXNativeTarget;
			buildConfigurationList = 40576BBC2108F7A700A32A76 /* Build configuration list for PBXNativeTarget "iChat" */;
			buildPhases = (
				F1EE76A0618D6C97ED5ABCE7 /* [CP] Check Pods Manifest.lock */,
				40576BA62108F7A500A32A76 /* Sources */,
				40576BA72108F7A500A32A76 /* Frameworks */,
				40576BA82108F7A500A32A76 /* Resources */,
				22373C3FE4D630D931838D42 /* [CP] Embed Pods Frameworks */,
			);
			buildRules = (
			);
			dependencies = (
			);
			name = iChat;
			productName = iChat;
			productReference = 40576BAA2108F7A500A32A76 /* iChat.app */;
			productType = "com.apple.product-type.application";
		};
/* End PBXNativeTarget section */

/* Begin PBXProject section */
		40576BA22108F7A500A32A76 /* Project object */ = {
			isa = PBXProject;
			attributes = {
				LastSwiftUpdateCheck = 0940;
				LastUpgradeCheck = 0940;
				ORGANIZATIONNAME = "Sarvad shetty";
				TargetAttributes = {
					40576BA92108F7A500A32A76 = {
						CreatedOnToolsVersion = 9.4;
					};
				};
			};
			buildConfigurationList = 40576BA52108F7A500A32A76 /* Build configuration list for PBXProject "iChat" */;
			compatibilityVersion = "Xcode 9.3";
			developmentRegion = en;
			hasScannedForEncodings = 0;
			knownRegions = (
				en,
				Base,
			);
			mainGroup = 40576BA12108F7A500A32A76;
			productRefGroup = 40576BAB2108F7A500A32A76 /* Products */;
			projectDirPath = "";
			projectRoot = "";
			targets = (
				40576BA92108F7A500A32A76 /* iChat */,
			);
		};
/* End PBXProject section */

/* Begin PBXResourcesBuildPhase section */
		40576BA82108F7A500A32A76 /* Resources */ = {
			isa = PBXResourcesBuildPhase;
			buildActionMask = 2147483647;
			files = (
				40576BB82108F7A700A32A76 /* LaunchScreen.storyboard in Resources */,
				40576BB52108F7A700A32A76 /* Assets.xcassets in Resources */,
				40576BB32108F7A500A32A76 /* Main.storyboard in Resources */,
				40576BC22109F64200A32A76 /* GoogleService-Info.plist in Resources */,
			);
			runOnlyForDeploymentPostprocessing = 0;
		};
/* End PBXResourcesBuildPhase section */

/* Begin PBXShellScriptBuildPhase section */
		22373C3FE4D630D931838D42 /* [CP] Embed Pods Frameworks */ = {
			isa = PBXShellScriptBuildPhase;
			buildActionMask = 2147483647;
			files = (
			);
			inputPaths = (
				"${SRCROOT}/Pods/Target Support Files/Pods-iChat/Pods-iChat-frameworks.sh",
				"${BUILT_PRODUCTS_DIR}/BoringSSL/openssl.framework",
				"${BUILT_PRODUCTS_DIR}/DACircularProgress/DACircularProgress.framework",
				"${BUILT_PRODUCTS_DIR}/GTMSessionFetcher/GTMSessionFetcher.framework",
				"${BUILT_PRODUCTS_DIR}/GoogleToolboxForMac/GoogleToolboxForMac.framework",
				"${BUILT_PRODUCTS_DIR}/IDMPhotoBrowser/IDMPhotoBrowser.framework",
				"${BUILT_PRODUCTS_DIR}/IQAudioRecorderController/IQAudioRecorderController.framework",
				"${BUILT_PRODUCTS_DIR}/ImagePicker/ImagePicker.framework",
				"${BUILT_PRODUCTS_DIR}/JSQMessagesViewController/JSQMessagesViewController.framework",
				"${BUILT_PRODUCTS_DIR}/JSQSystemSoundPlayer/JSQSystemSoundPlayer.framework",
				"${BUILT_PRODUCTS_DIR}/MBProgressHUD/MBProgressHUD.framework",
				"${BUILT_PRODUCTS_DIR}/ProgressHUD/ProgressHUD.framework",
				"${BUILT_PRODUCTS_DIR}/Protobuf/Protobuf.framework",
				"${BUILT_PRODUCTS_DIR}/SCSiriWaveformView/SCSiriWaveformView.framework",
				"${BUILT_PRODUCTS_DIR}/SDWebImage/SDWebImage.framework",
				"${BUILT_PRODUCTS_DIR}/gRPC/GRPCClient.framework",
				"${BUILT_PRODUCTS_DIR}/gRPC-Core/grpc.framework",
				"${BUILT_PRODUCTS_DIR}/gRPC-ProtoRPC/ProtoRPC.framework",
				"${BUILT_PRODUCTS_DIR}/gRPC-RxLibrary/RxLibrary.framework",
				"${BUILT_PRODUCTS_DIR}/leveldb-library/leveldb.framework",
				"${BUILT_PRODUCTS_DIR}/nanopb/nanopb.framework",
				"${BUILT_PRODUCTS_DIR}/pop/pop.framework",
			);
			name = "[CP] Embed Pods Frameworks";
			outputPaths = (
				"${TARGET_BUILD_DIR}/${FRAMEWORKS_FOLDER_PATH}/openssl.framework",
				"${TARGET_BUILD_DIR}/${FRAMEWORKS_FOLDER_PATH}/DACircularProgress.framework",
				"${TARGET_BUILD_DIR}/${FRAMEWORKS_FOLDER_PATH}/GTMSessionFetcher.framework",
				"${TARGET_BUILD_DIR}/${FRAMEWORKS_FOLDER_PATH}/GoogleToolboxForMac.framework",
				"${TARGET_BUILD_DIR}/${FRAMEWORKS_FOLDER_PATH}/IDMPhotoBrowser.framework",
				"${TARGET_BUILD_DIR}/${FRAMEWORKS_FOLDER_PATH}/IQAudioRecorderController.framework",
				"${TARGET_BUILD_DIR}/${FRAMEWORKS_FOLDER_PATH}/ImagePicker.framework",
				"${TARGET_BUILD_DIR}/${FRAMEWORKS_FOLDER_PATH}/JSQMessagesViewController.framework",
				"${TARGET_BUILD_DIR}/${FRAMEWORKS_FOLDER_PATH}/JSQSystemSoundPlayer.framework",
				"${TARGET_BUILD_DIR}/${FRAMEWORKS_FOLDER_PATH}/MBProgressHUD.framework",
				"${TARGET_BUILD_DIR}/${FRAMEWORKS_FOLDER_PATH}/ProgressHUD.framework",
				"${TARGET_BUILD_DIR}/${FRAMEWORKS_FOLDER_PATH}/Protobuf.framework",
				"${TARGET_BUILD_DIR}/${FRAMEWORKS_FOLDER_PATH}/SCSiriWaveformView.framework",
				"${TARGET_BUILD_DIR}/${FRAMEWORKS_FOLDER_PATH}/SDWebImage.framework",
				"${TARGET_BUILD_DIR}/${FRAMEWORKS_FOLDER_PATH}/GRPCClient.framework",
				"${TARGET_BUILD_DIR}/${FRAMEWORKS_FOLDER_PATH}/grpc.framework",
				"${TARGET_BUILD_DIR}/${FRAMEWORKS_FOLDER_PATH}/ProtoRPC.framework",
				"${TARGET_BUILD_DIR}/${FRAMEWORKS_FOLDER_PATH}/RxLibrary.framework",
				"${TARGET_BUILD_DIR}/${FRAMEWORKS_FOLDER_PATH}/leveldb.framework",
				"${TARGET_BUILD_DIR}/${FRAMEWORKS_FOLDER_PATH}/nanopb.framework",
				"${TARGET_BUILD_DIR}/${FRAMEWORKS_FOLDER_PATH}/pop.framework",
			);
			runOnlyForDeploymentPostprocessing = 0;
			shellPath = /bin/sh;
			shellScript = "\"${SRCROOT}/Pods/Target Support Files/Pods-iChat/Pods-iChat-frameworks.sh\"\n";
			showEnvVarsInLog = 0;
		};
		F1EE76A0618D6C97ED5ABCE7 /* [CP] Check Pods Manifest.lock */ = {
			isa = PBXShellScriptBuildPhase;
			buildActionMask = 2147483647;
			files = (
			);
			inputPaths = (
				"${PODS_PODFILE_DIR_PATH}/Podfile.lock",
				"${PODS_ROOT}/Manifest.lock",
			);
			name = "[CP] Check Pods Manifest.lock";
			outputPaths = (
				"$(DERIVED_FILE_DIR)/Pods-iChat-checkManifestLockResult.txt",
			);
			runOnlyForDeploymentPostprocessing = 0;
			shellPath = /bin/sh;
			shellScript = "diff \"${PODS_PODFILE_DIR_PATH}/Podfile.lock\" \"${PODS_ROOT}/Manifest.lock\" > /dev/null\nif [ $? != 0 ] ; then\n    # print error to STDERR\n    echo \"error: The sandbox is not in sync with the Podfile.lock. Run 'pod install' or update your CocoaPods installation.\" >&2\n    exit 1\nfi\n# This output is used by Xcode 'outputs' to avoid re-running this script phase.\necho \"SUCCESS\" > \"${SCRIPT_OUTPUT_FILE_0}\"\n";
			showEnvVarsInLog = 0;
		};
/* End PBXShellScriptBuildPhase section */

/* Begin PBXSourcesBuildPhase section */
		40576BA62108F7A500A32A76 /* Sources */ = {
			isa = PBXSourcesBuildPhase;
			buildActionMask = 2147483647;
			files = (
				40576BC4210B3C0000A32A76 /* FUser.swift in Sources */,
				40576BCD210B429600A32A76 /* HelperFunctions.swift in Sources */,
				40576BAE2108F7A500A32A76 /* AppDelegate.swift in Sources */,
				40576BC02109CD0E00A32A76 /* WelcomeViewController.swift in Sources */,
				40ED99CE21CFA44F00583A35 /* IncomingMessages.swift in Sources */,
				4089E28B21CE99A8005E70A6 /* MessageViewController.swift in Sources */,
				40ED99CC21CF905900583A35 /* OutgoingMessages.swift in Sources */,
				4058C8D921C7A8C600DC7F59 /* RecentChatTableViewCell.swift in Sources */,
				4027BAC521A9A42E00617D5B /* ProfilePageTableViewController.swift in Sources */,
				4088774321A30306000CAB48 /* SettingsTableViewController.swift in Sources */,
				40576BCB210B41A100A32A76 /* CollectionReference.swift in Sources */,
				406504E421A8560C008AB62A /* ChatsViewController.swift in Sources */,
				4069BB3C219F0E9A00397426 /* FinishRegistrationViewController.swift in Sources */,
				405DB1AE21A56A9400088AA9 /* UsersTableViewCell.swift in Sources */,
				4048156D21A56F850007E845 /* UsersTableViewController.swift in Sources */,
				40576BC9210B3C9B00A32A76 /* Constants.swift in Sources */,
				403F4D2421B1C03B00F72BD0 /* RecentChat.swift in Sources */,
			);
			runOnlyForDeploymentPostprocessing = 0;
		};
/* End PBXSourcesBuildPhase section */

/* Begin PBXVariantGroup section */
		40576BB12108F7A500A32A76 /* Main.storyboard */ = {
			isa = PBXVariantGroup;
			children = (
				40576BB22108F7A500A32A76 /* Base */,
			);
			name = Main.storyboard;
			sourceTree = "<group>";
		};
		40576BB62108F7A700A32A76 /* LaunchScreen.storyboard */ = {
			isa = PBXVariantGroup;
			children = (
				40576BB72108F7A700A32A76 /* Base */,
			);
			name = LaunchScreen.storyboard;
			sourceTree = "<group>";
		};
/* End PBXVariantGroup section */

/* Begin XCBuildConfiguration section */
		40576BBA2108F7A700A32A76 /* Debug */ = {
			isa = XCBuildConfiguration;
			buildSettings = {
				ALWAYS_SEARCH_USER_PATHS = NO;
				CLANG_ANALYZER_NONNULL = YES;
				CLANG_ANALYZER_NUMBER_OBJECT_CONVERSION = YES_AGGRESSIVE;
				CLANG_CXX_LANGUAGE_STANDARD = "gnu++14";
				CLANG_CXX_LIBRARY = "libc++";
				CLANG_ENABLE_MODULES = YES;
				CLANG_ENABLE_OBJC_ARC = YES;
				CLANG_ENABLE_OBJC_WEAK = YES;
				CLANG_WARN_BLOCK_CAPTURE_AUTORELEASING = YES;
				CLANG_WARN_BOOL_CONVERSION = YES;
				CLANG_WARN_COMMA = YES;
				CLANG_WARN_CONSTANT_CONVERSION = YES;
				CLANG_WARN_DEPRECATED_OBJC_IMPLEMENTATIONS = YES;
				CLANG_WARN_DIRECT_OBJC_ISA_USAGE = YES_ERROR;
				CLANG_WARN_DOCUMENTATION_COMMENTS = YES;
				CLANG_WARN_EMPTY_BODY = YES;
				CLANG_WARN_ENUM_CONVERSION = YES;
				CLANG_WARN_INFINITE_RECURSION = YES;
				CLANG_WARN_INT_CONVERSION = YES;
				CLANG_WARN_NON_LITERAL_NULL_CONVERSION = YES;
				CLANG_WARN_OBJC_IMPLICIT_RETAIN_SELF = YES;
				CLANG_WARN_OBJC_LITERAL_CONVERSION = YES;
				CLANG_WARN_OBJC_ROOT_CLASS = YES_ERROR;
				CLANG_WARN_RANGE_LOOP_ANALYSIS = YES;
				CLANG_WARN_STRICT_PROTOTYPES = YES;
				CLANG_WARN_SUSPICIOUS_MOVE = YES;
				CLANG_WARN_UNGUARDED_AVAILABILITY = YES_AGGRESSIVE;
				CLANG_WARN_UNREACHABLE_CODE = YES;
				CLANG_WARN__DUPLICATE_METHOD_MATCH = YES;
				CODE_SIGN_IDENTITY = "iPhone Developer";
				COPY_PHASE_STRIP = NO;
				DEBUG_INFORMATION_FORMAT = dwarf;
				ENABLE_STRICT_OBJC_MSGSEND = YES;
				ENABLE_TESTABILITY = YES;
				GCC_C_LANGUAGE_STANDARD = gnu11;
				GCC_DYNAMIC_NO_PIC = NO;
				GCC_NO_COMMON_BLOCKS = YES;
				GCC_OPTIMIZATION_LEVEL = 0;
				GCC_PREPROCESSOR_DEFINITIONS = (
					"DEBUG=1",
					"$(inherited)",
				);
				GCC_WARN_64_TO_32_BIT_CONVERSION = YES;
				GCC_WARN_ABOUT_RETURN_TYPE = YES_ERROR;
				GCC_WARN_UNDECLARED_SELECTOR = YES;
				GCC_WARN_UNINITIALIZED_AUTOS = YES_AGGRESSIVE;
				GCC_WARN_UNUSED_FUNCTION = YES;
				GCC_WARN_UNUSED_VARIABLE = YES;
				IPHONEOS_DEPLOYMENT_TARGET = 11.4;
				MTL_ENABLE_DEBUG_INFO = YES;
				ONLY_ACTIVE_ARCH = YES;
				SDKROOT = iphoneos;
				SWIFT_ACTIVE_COMPILATION_CONDITIONS = DEBUG;
				SWIFT_OPTIMIZATION_LEVEL = "-Onone";
			};
			name = Debug;
		};
		40576BBB2108F7A700A32A76 /* Release */ = {
			isa = XCBuildConfiguration;
			buildSettings = {
				ALWAYS_SEARCH_USER_PATHS = NO;
				CLANG_ANALYZER_NONNULL = YES;
				CLANG_ANALYZER_NUMBER_OBJECT_CONVERSION = YES_AGGRESSIVE;
				CLANG_CXX_LANGUAGE_STANDARD = "gnu++14";
				CLANG_CXX_LIBRARY = "libc++";
				CLANG_ENABLE_MODULES = YES;
				CLANG_ENABLE_OBJC_ARC = YES;
				CLANG_ENABLE_OBJC_WEAK = YES;
				CLANG_WARN_BLOCK_CAPTURE_AUTORELEASING = YES;
				CLANG_WARN_BOOL_CONVERSION = YES;
				CLANG_WARN_COMMA = YES;
				CLANG_WARN_CONSTANT_CONVERSION = YES;
				CLANG_WARN_DEPRECATED_OBJC_IMPLEMENTATIONS = YES;
				CLANG_WARN_DIRECT_OBJC_ISA_USAGE = YES_ERROR;
				CLANG_WARN_DOCUMENTATION_COMMENTS = YES;
				CLANG_WARN_EMPTY_BODY = YES;
				CLANG_WARN_ENUM_CONVERSION = YES;
				CLANG_WARN_INFINITE_RECURSION = YES;
				CLANG_WARN_INT_CONVERSION = YES;
				CLANG_WARN_NON_LITERAL_NULL_CONVERSION = YES;
				CLANG_WARN_OBJC_IMPLICIT_RETAIN_SELF = YES;
				CLANG_WARN_OBJC_LITERAL_CONVERSION = YES;
				CLANG_WARN_OBJC_ROOT_CLASS = YES_ERROR;
				CLANG_WARN_RANGE_LOOP_ANALYSIS = YES;
				CLANG_WARN_STRICT_PROTOTYPES = YES;
				CLANG_WARN_SUSPICIOUS_MOVE = YES;
				CLANG_WARN_UNGUARDED_AVAILABILITY = YES_AGGRESSIVE;
				CLANG_WARN_UNREACHABLE_CODE = YES;
				CLANG_WARN__DUPLICATE_METHOD_MATCH = YES;
				CODE_SIGN_IDENTITY = "iPhone Developer";
				COPY_PHASE_STRIP = NO;
				DEBUG_INFORMATION_FORMAT = "dwarf-with-dsym";
				ENABLE_NS_ASSERTIONS = NO;
				ENABLE_STRICT_OBJC_MSGSEND = YES;
				GCC_C_LANGUAGE_STANDARD = gnu11;
				GCC_NO_COMMON_BLOCKS = YES;
				GCC_WARN_64_TO_32_BIT_CONVERSION = YES;
				GCC_WARN_ABOUT_RETURN_TYPE = YES_ERROR;
				GCC_WARN_UNDECLARED_SELECTOR = YES;
				GCC_WARN_UNINITIALIZED_AUTOS = YES_AGGRESSIVE;
				GCC_WARN_UNUSED_FUNCTION = YES;
				GCC_WARN_UNUSED_VARIABLE = YES;
				IPHONEOS_DEPLOYMENT_TARGET = 11.4;
				MTL_ENABLE_DEBUG_INFO = NO;
				SDKROOT = iphoneos;
				SWIFT_COMPILATION_MODE = wholemodule;
				SWIFT_OPTIMIZATION_LEVEL = "-O";
				VALIDATE_PRODUCT = YES;
			};
			name = Release;
		};
		40576BBD2108F7A700A32A76 /* Debug */ = {
			isa = XCBuildConfiguration;
			baseConfigurationReference = 54DE3B99A2736340B3B39ADF /* Pods-iChat.debug.xcconfig */;
			buildSettings = {
				ASSETCATALOG_COMPILER_APPICON_NAME = AppIcon;
				CODE_SIGN_STYLE = Automatic;
				DEVELOPMENT_TEAM = N4FDL334LZ;
				INFOPLIST_FILE = iChat/Info.plist;
				LD_RUNPATH_SEARCH_PATHS = (
					"$(inherited)",
					"@executable_path/Frameworks",
				);
				PRODUCT_BUNDLE_IDENTIFIER = "Sarvad-Shetty.iChat";
				PRODUCT_NAME = "$(TARGET_NAME)";
				SWIFT_VERSION = 4.0;
				TARGETED_DEVICE_FAMILY = "1,2";
			};
			name = Debug;
		};
		40576BBE2108F7A700A32A76 /* Release */ = {
			isa = XCBuildConfiguration;
			baseConfigurationReference = F1DCBBF9CAA17551E95E42C7 /* Pods-iChat.release.xcconfig */;
			buildSettings = {
				ASSETCATALOG_COMPILER_APPICON_NAME = AppIcon;
				CODE_SIGN_STYLE = Automatic;
				DEVELOPMENT_TEAM = N4FDL334LZ;
				INFOPLIST_FILE = iChat/Info.plist;
				LD_RUNPATH_SEARCH_PATHS = (
					"$(inherited)",
					"@executable_path/Frameworks",
				);
				PRODUCT_BUNDLE_IDENTIFIER = "Sarvad-Shetty.iChat";
				PRODUCT_NAME = "$(TARGET_NAME)";
				SWIFT_VERSION = 4.0;
				TARGETED_DEVICE_FAMILY = "1,2";
			};
			name = Release;
		};
/* End XCBuildConfiguration section */

/* Begin XCConfigurationList section */
		40576BA52108F7A500A32A76 /* Build configuration list for PBXProject "iChat" */ = {
			isa = XCConfigurationList;
			buildConfigurations = (
				40576BBA2108F7A700A32A76 /* Debug */,
				40576BBB2108F7A700A32A76 /* Release */,
			);
			defaultConfigurationIsVisible = 0;
			defaultConfigurationName = Release;
		};
		40576BBC2108F7A700A32A76 /* Build configuration list for PBXNativeTarget "iChat" */ = {
			isa = XCConfigurationList;
			buildConfigurations = (
				40576BBD2108F7A700A32A76 /* Debug */,
				40576BBE2108F7A700A32A76 /* Release */,
			);
			defaultConfigurationIsVisible = 0;
			defaultConfigurationName = Release;
		};
/* End XCConfigurationList section */
	};
	rootObject = 40576BA22108F7A500A32A76 /* Project object */;
}
